
Microsoft Visual Studio Solution File, Format Version 12.00
# Visual Studio Version 16
VisualStudioVersion = 16.0.30413.136
MinimumVisualStudioVersion = 10.0.40219.1
Project("{F184B08F-C81C-45F6-A57F-5ABD9991F28F}") = "SagaAccounting", "SagaAccounting\SagaAccounting.vbproj", "{99F715BC-8594-0D43-3BBF-6E0E6BFB6BC0}"
EndProject
Project("{2150E333-8FDC-42A3-9474-1A3956D46DE8}") = "Solution Items", "Solution Items", "{56FF68DB-AD3C-45DA-8234-B4113CE86FA6}"
	ProjectSection(SolutionItems) = preProject
		.editorconfig = .editorconfig
	EndProjectSection
EndProject
Project("{FAE04EC0-301F-11D3-BF4B-00C04F79EFBC}") = "MyClassLibrary", "MyClassLibrary\MyClassLibrary.csproj", "{710FBCC8-3D66-04C1-0E0D-77EDFB72DE3A}"
EndProject
Project("{F184B08F-C81C-45F6-A57F-5ABD9991F28F}") = "SagaClassLibrary", "SagaClassLibrary\SagaClassLibrary.vbproj", "{06AF29CC-B60F-407D-AAB0-AA5BDA827326}"
EndProject
Project("{F184B08F-C81C-45F6-A57F-5ABD9991F28F}") = "BranchAccounting", "BranchAccounting\BranchAccounting.vbproj", "{6E4D196E-3B1D-4B5F-BD92-BADA1151598D}"
EndProject
Project("{F184B08F-C81C-45F6-A57F-5ABD9991F28F}") = "wSClassLib", "SagaOperations\wSClassLib\wSClassLib.vbproj", "{FB712C20-8CC0-497C-A1C4-CC7EFEB1A1FB}"
EndProject
Project("{F184B08F-C81C-45F6-A57F-5ABD9991F28F}") = "SagaInventory", "SagaInventory\SagaInventory.vbproj", "{D18438E9-B948-44FB-8488-48D27973B030}"
EndProject
Project("{FAE04EC0-301F-11D3-BF4B-00C04F79EFBC}") = "SagaAssets", "SagaAssets\SagaAssets.csproj", "{9B6B04B3-7D1E-4072-AEE2-55B8E1B1CB2A}"
EndProject
Project("{FAE04EC0-301F-11D3-BF4B-00C04F79EFBC}") = "SagaSupport", "SagaSupport\SagaSupport.csproj", "{E41958E3-DEB8-0801-3FC3-202A699FA2D6}"
EndProject
Project("{F184B08F-C81C-45F6-A57F-5ABD9991F28F}") = "SagaOperations", "IntegratedSystems.VS2019.DevEx19\IntegratedSystems\SagaOperations.vbproj", "{89F833E5-ACC6-4652-9B41-7AA4CE1ED0B7}"
EndProject
Project("{F184B08F-C81C-45F6-A57F-5ABD9991F28F}") = "SagaSpareParts", "SagaSpareParts\SagaSpareParts.vbproj", "{AF947420-6EB6-4CAF-9791-6547300AFFE9}"
EndProject
Project("{FAE04EC0-301F-11D3-BF4B-00C04F79EFBC}") = "SagaHR", "SagaHR\SagaHR.csproj", "{F225DD8D-ED61-47A3-ABE1-0A6A21D52659}"
EndProject
Global
	GlobalSection(SolutionConfigurationPlatforms) = preSolution
		Debug|Any CPU = Debug|Any CPU
		Debug|x86 = Debug|x86
		Debug-NET35|Any CPU = Debug-NET35|Any CPU
		Debug-NET35|x86 = Debug-NET35|x86
		Debug-NET40|Any CPU = Debug-NET40|Any CPU
		Debug-NET40|x86 = Debug-NET40|x86
		EasyTest|Any CPU = EasyTest|Any CPU
		EasyTest|x86 = EasyTest|x86
		Release|Any CPU = Release|Any CPU
		Release|x86 = Release|x86
		Release-NET35|Any CPU = Release-NET35|Any CPU
		Release-NET35|x86 = Release-NET35|x86
		Release-NET40|Any CPU = Release-NET40|Any CPU
		Release-NET40|x86 = Release-NET40|x86
		XMS Beta|Any CPU = XMS Beta|Any CPU
		XMS Beta|x86 = XMS Beta|x86
	EndGlobalSection
	GlobalSection(ProjectConfigurationPlatforms) = postSolution
		{99F715BC-8594-0D43-3BBF-6E0E6BFB6BC0}.Debug|Any CPU.ActiveCfg = Debug|Any CPU
		{99F715BC-8594-0D43-3BBF-6E0E6BFB6BC0}.Debug|Any CPU.Build.0 = Debug|Any CPU
		{99F715BC-8594-0D43-3BBF-6E0E6BFB6BC0}.Debug|x86.ActiveCfg = Debug|Any CPU
		{99F715BC-8594-0D43-3BBF-6E0E6BFB6BC0}.Debug|x86.Build.0 = Debug|Any CPU
		{99F715BC-8594-0D43-3BBF-6E0E6BFB6BC0}.Debug-NET35|Any CPU.ActiveCfg = Debug|Any CPU
		{99F715BC-8594-0D43-3BBF-6E0E6BFB6BC0}.Debug-NET35|Any CPU.Build.0 = Debug|Any CPU
		{99F715BC-8594-0D43-3BBF-6E0E6BFB6BC0}.Debug-NET35|x86.ActiveCfg = Debug|Any CPU
		{99F715BC-8594-0D43-3BBF-6E0E6BFB6BC0}.Debug-NET35|x86.Build.0 = Debug|Any CPU
		{99F715BC-8594-0D43-3BBF-6E0E6BFB6BC0}.Debug-NET40|Any CPU.ActiveCfg = Debug|Any CPU
		{99F715BC-8594-0D43-3BBF-6E0E6BFB6BC0}.Debug-NET40|Any CPU.Build.0 = Debug|Any CPU
		{99F715BC-8594-0D43-3BBF-6E0E6BFB6BC0}.Debug-NET40|x86.ActiveCfg = Debug|Any CPU
		{99F715BC-8594-0D43-3BBF-6E0E6BFB6BC0}.Debug-NET40|x86.Build.0 = Debug|Any CPU
		{99F715BC-8594-0D43-3BBF-6E0E6BFB6BC0}.EasyTest|Any CPU.ActiveCfg = Debug|Any CPU
		{99F715BC-8594-0D43-3BBF-6E0E6BFB6BC0}.EasyTest|Any CPU.Build.0 = Debug|Any CPU
		{99F715BC-8594-0D43-3BBF-6E0E6BFB6BC0}.EasyTest|x86.ActiveCfg = Debug|Any CPU
		{99F715BC-8594-0D43-3BBF-6E0E6BFB6BC0}.EasyTest|x86.Build.0 = Debug|Any CPU
		{99F715BC-8594-0D43-3BBF-6E0E6BFB6BC0}.Release|Any CPU.ActiveCfg = Debug|Any CPU
		{99F715BC-8594-0D43-3BBF-6E0E6BFB6BC0}.Release|Any CPU.Build.0 = Debug|Any CPU
		{99F715BC-8594-0D43-3BBF-6E0E6BFB6BC0}.Release|x86.ActiveCfg = Debug|Any CPU
		{99F715BC-8594-0D43-3BBF-6E0E6BFB6BC0}.Release|x86.Build.0 = Debug|Any CPU
		{99F715BC-8594-0D43-3BBF-6E0E6BFB6BC0}.Release-NET35|Any CPU.ActiveCfg = Debug|Any CPU
		{99F715BC-8594-0D43-3BBF-6E0E6BFB6BC0}.Release-NET35|Any CPU.Build.0 = Debug|Any CPU
		{99F715BC-8594-0D43-3BBF-6E0E6BFB6BC0}.Release-NET35|x86.ActiveCfg = Debug|Any CPU
		{99F715BC-8594-0D43-3BBF-6E0E6BFB6BC0}.Release-NET35|x86.Build.0 = Debug|Any CPU
		{99F715BC-8594-0D43-3BBF-6E0E6BFB6BC0}.Release-NET40|Any CPU.ActiveCfg = Debug|Any CPU
		{99F715BC-8594-0D43-3BBF-6E0E6BFB6BC0}.Release-NET40|Any CPU.Build.0 = Debug|Any CPU
		{99F715BC-8594-0D43-3BBF-6E0E6BFB6BC0}.Release-NET40|x86.ActiveCfg = Debug|Any CPU
		{99F715BC-8594-0D43-3BBF-6E0E6BFB6BC0}.Release-NET40|x86.Build.0 = Debug|Any CPU
		{99F715BC-8594-0D43-3BBF-6E0E6BFB6BC0}.XMS Beta|Any CPU.ActiveCfg = Debug|Any CPU
		{99F715BC-8594-0D43-3BBF-6E0E6BFB6BC0}.XMS Beta|Any CPU.Build.0 = Debug|Any CPU
		{99F715BC-8594-0D43-3BBF-6E0E6BFB6BC0}.XMS Beta|x86.ActiveCfg = Debug|Any CPU
		{99F715BC-8594-0D43-3BBF-6E0E6BFB6BC0}.XMS Beta|x86.Build.0 = Debug|Any CPU
		{710FBCC8-3D66-04C1-0E0D-77EDFB72DE3A}.Debug|Any CPU.ActiveCfg = Debug|Any CPU
		{710FBCC8-3D66-04C1-0E0D-77EDFB72DE3A}.Debug|Any CPU.Build.0 = Debug|Any CPU
		{710FBCC8-3D66-04C1-0E0D-77EDFB72DE3A}.Debug|x86.ActiveCfg = Debug|Any CPU
		{710FBCC8-3D66-04C1-0E0D-77EDFB72DE3A}.Debug|x86.Build.0 = Debug|Any CPU
		{710FBCC8-3D66-04C1-0E0D-77EDFB72DE3A}.Debug-NET35|Any CPU.ActiveCfg = Debug|Any CPU
		{710FBCC8-3D66-04C1-0E0D-77EDFB72DE3A}.Debug-NET35|Any CPU.Build.0 = Debug|Any CPU
		{710FBCC8-3D66-04C1-0E0D-77EDFB72DE3A}.Debug-NET35|x86.ActiveCfg = Debug|Any CPU
		{710FBCC8-3D66-04C1-0E0D-77EDFB72DE3A}.Debug-NET35|x86.Build.0 = Debug|Any CPU
		{710FBCC8-3D66-04C1-0E0D-77EDFB72DE3A}.Debug-NET40|Any CPU.ActiveCfg = Debug|Any CPU
		{710FBCC8-3D66-04C1-0E0D-77EDFB72DE3A}.Debug-NET40|Any CPU.Build.0 = Debug|Any CPU
		{710FBCC8-3D66-04C1-0E0D-77EDFB72DE3A}.Debug-NET40|x86.ActiveCfg = Debug|Any CPU
		{710FBCC8-3D66-04C1-0E0D-77EDFB72DE3A}.Debug-NET40|x86.Build.0 = Debug|Any CPU
		{710FBCC8-3D66-04C1-0E0D-77EDFB72DE3A}.EasyTest|Any CPU.ActiveCfg = Release|Any CPU
		{710FBCC8-3D66-04C1-0E0D-77EDFB72DE3A}.EasyTest|Any CPU.Build.0 = Release|Any CPU
		{710FBCC8-3D66-04C1-0E0D-77EDFB72DE3A}.EasyTest|x86.ActiveCfg = Release|Any CPU
		{710FBCC8-3D66-04C1-0E0D-77EDFB72DE3A}.EasyTest|x86.Build.0 = Release|Any CPU
		{710FBCC8-3D66-04C1-0E0D-77EDFB72DE3A}.Release|Any CPU.ActiveCfg = Release|Any CPU
		{710FBCC8-3D66-04C1-0E0D-77EDFB72DE3A}.Release|Any CPU.Build.0 = Release|Any CPU
		{710FBCC8-3D66-04C1-0E0D-77EDFB72DE3A}.Release|x86.ActiveCfg = Release|Any CPU
		{710FBCC8-3D66-04C1-0E0D-77EDFB72DE3A}.Release|x86.Build.0 = Release|Any CPU
		{710FBCC8-3D66-04C1-0E0D-77EDFB72DE3A}.Release-NET35|Any CPU.ActiveCfg = Release|Any CPU
		{710FBCC8-3D66-04C1-0E0D-77EDFB72DE3A}.Release-NET35|Any CPU.Build.0 = Release|Any CPU
		{710FBCC8-3D66-04C1-0E0D-77EDFB72DE3A}.Release-NET35|x86.ActiveCfg = Release|Any CPU
		{710FBCC8-3D66-04C1-0E0D-77EDFB72DE3A}.Release-NET35|x86.Build.0 = Release|Any CPU
		{710FBCC8-3D66-04C1-0E0D-77EDFB72DE3A}.Release-NET40|Any CPU.ActiveCfg = Release|Any CPU
		{710FBCC8-3D66-04C1-0E0D-77EDFB72DE3A}.Release-NET40|Any CPU.Build.0 = Release|Any CPU
		{710FBCC8-3D66-04C1-0E0D-77EDFB72DE3A}.Release-NET40|x86.ActiveCfg = Release|Any CPU
		{710FBCC8-3D66-04C1-0E0D-77EDFB72DE3A}.Release-NET40|x86.Build.0 = Release|Any CPU
		{710FBCC8-3D66-04C1-0E0D-77EDFB72DE3A}.XMS Beta|Any CPU.ActiveCfg = Release|Any CPU
		{710FBCC8-3D66-04C1-0E0D-77EDFB72DE3A}.XMS Beta|Any CPU.Build.0 = Release|Any CPU
		{710FBCC8-3D66-04C1-0E0D-77EDFB72DE3A}.XMS Beta|x86.ActiveCfg = Release|Any CPU
		{710FBCC8-3D66-04C1-0E0D-77EDFB72DE3A}.XMS Beta|x86.Build.0 = Release|Any CPU
		{06AF29CC-B60F-407D-AAB0-AA5BDA827326}.Debug|Any CPU.ActiveCfg = Debug|Any CPU
		{06AF29CC-B60F-407D-AAB0-AA5BDA827326}.Debug|Any CPU.Build.0 = Debug|Any CPU
		{06AF29CC-B60F-407D-AAB0-AA5BDA827326}.Debug|x86.ActiveCfg = Debug|Any CPU
		{06AF29CC-B60F-407D-AAB0-AA5BDA827326}.Debug|x86.Build.0 = Debug|Any CPU
		{06AF29CC-B60F-407D-AAB0-AA5BDA827326}.Debug-NET35|Any CPU.ActiveCfg = Debug|Any CPU
		{06AF29CC-B60F-407D-AAB0-AA5BDA827326}.Debug-NET35|Any CPU.Build.0 = Debug|Any CPU
		{06AF29CC-B60F-407D-AAB0-AA5BDA827326}.Debug-NET35|x86.ActiveCfg = Debug|Any CPU
		{06AF29CC-B60F-407D-AAB0-AA5BDA827326}.Debug-NET35|x86.Build.0 = Debug|Any CPU
		{06AF29CC-B60F-407D-AAB0-AA5BDA827326}.Debug-NET40|Any CPU.ActiveCfg = Debug|Any CPU
		{06AF29CC-B60F-407D-AAB0-AA5BDA827326}.Debug-NET40|Any CPU.Build.0 = Debug|Any CPU
		{06AF29CC-B60F-407D-AAB0-AA5BDA827326}.Debug-NET40|x86.ActiveCfg = Debug|Any CPU
		{06AF29CC-B60F-407D-AAB0-AA5BDA827326}.Debug-NET40|x86.Build.0 = Debug|Any CPU
		{06AF29CC-B60F-407D-AAB0-AA5BDA827326}.EasyTest|Any CPU.ActiveCfg = Release|Any CPU
		{06AF29CC-B60F-407D-AAB0-AA5BDA827326}.EasyTest|Any CPU.Build.0 = Release|Any CPU
		{06AF29CC-B60F-407D-AAB0-AA5BDA827326}.EasyTest|x86.ActiveCfg = Release|Any CPU
		{06AF29CC-B60F-407D-AAB0-AA5BDA827326}.EasyTest|x86.Build.0 = Release|Any CPU
		{06AF29CC-B60F-407D-AAB0-AA5BDA827326}.Release|Any CPU.ActiveCfg = Release|Any CPU
		{06AF29CC-B60F-407D-AAB0-AA5BDA827326}.Release|Any CPU.Build.0 = Release|Any CPU
		{06AF29CC-B60F-407D-AAB0-AA5BDA827326}.Release|x86.ActiveCfg = Release|Any CPU
		{06AF29CC-B60F-407D-AAB0-AA5BDA827326}.Release|x86.Build.0 = Release|Any CPU
		{06AF29CC-B60F-407D-AAB0-AA5BDA827326}.Release-NET35|Any CPU.ActiveCfg = Release|Any CPU
		{06AF29CC-B60F-407D-AAB0-AA5BDA827326}.Release-NET35|Any CPU.Build.0 = Release|Any CPU
		{06AF29CC-B60F-407D-AAB0-AA5BDA827326}.Release-NET35|x86.ActiveCfg = Release|Any CPU
		{06AF29CC-B60F-407D-AAB0-AA5BDA827326}.Release-NET35|x86.Build.0 = Release|Any CPU
		{06AF29CC-B60F-407D-AAB0-AA5BDA827326}.Release-NET40|Any CPU.ActiveCfg = Release|Any CPU
		{06AF29CC-B60F-407D-AAB0-AA5BDA827326}.Release-NET40|Any CPU.Build.0 = Release|Any CPU
		{06AF29CC-B60F-407D-AAB0-AA5BDA827326}.Release-NET40|x86.ActiveCfg = Release|Any CPU
		{06AF29CC-B60F-407D-AAB0-AA5BDA827326}.Release-NET40|x86.Build.0 = Release|Any CPU
		{06AF29CC-B60F-407D-AAB0-AA5BDA827326}.XMS Beta|Any CPU.ActiveCfg = Release|Any CPU
		{06AF29CC-B60F-407D-AAB0-AA5BDA827326}.XMS Beta|Any CPU.Build.0 = Release|Any CPU
		{06AF29CC-B60F-407D-AAB0-AA5BDA827326}.XMS Beta|x86.ActiveCfg = Release|Any CPU
		{06AF29CC-B60F-407D-AAB0-AA5BDA827326}.XMS Beta|x86.Build.0 = Release|Any CPU
		{6E4D196E-3B1D-4B5F-BD92-BADA1151598D}.Debug|Any CPU.ActiveCfg = Debug|Any CPU
		{6E4D196E-3B1D-4B5F-BD92-BADA1151598D}.Debug|Any CPU.Build.0 = Debug|Any CPU
		{6E4D196E-3B1D-4B5F-BD92-BADA1151598D}.Debug|x86.ActiveCfg = Debug|Any CPU
		{6E4D196E-3B1D-4B5F-BD92-BADA1151598D}.Debug|x86.Build.0 = Debug|Any CPU
		{6E4D196E-3B1D-4B5F-BD92-BADA1151598D}.Debug-NET35|Any CPU.ActiveCfg = Debug|Any CPU
		{6E4D196E-3B1D-4B5F-BD92-BADA1151598D}.Debug-NET35|Any CPU.Build.0 = Debug|Any CPU
		{6E4D196E-3B1D-4B5F-BD92-BADA1151598D}.Debug-NET35|x86.ActiveCfg = Debug|Any CPU
		{6E4D196E-3B1D-4B5F-BD92-BADA1151598D}.Debug-NET35|x86.Build.0 = Debug|Any CPU
		{6E4D196E-3B1D-4B5F-BD92-BADA1151598D}.Debug-NET40|Any CPU.ActiveCfg = Debug|Any CPU
		{6E4D196E-3B1D-4B5F-BD92-BADA1151598D}.Debug-NET40|Any CPU.Build.0 = Debug|Any CPU
		{6E4D196E-3B1D-4B5F-BD92-BADA1151598D}.Debug-NET40|x86.ActiveCfg = Debug|Any CPU
		{6E4D196E-3B1D-4B5F-BD92-BADA1151598D}.Debug-NET40|x86.Build.0 = Debug|Any CPU
		{6E4D196E-3B1D-4B5F-BD92-BADA1151598D}.EasyTest|Any CPU.ActiveCfg = Release|Any CPU
		{6E4D196E-3B1D-4B5F-BD92-BADA1151598D}.EasyTest|Any CPU.Build.0 = Release|Any CPU
		{6E4D196E-3B1D-4B5F-BD92-BADA1151598D}.EasyTest|x86.ActiveCfg = Release|Any CPU
		{6E4D196E-3B1D-4B5F-BD92-BADA1151598D}.EasyTest|x86.Build.0 = Release|Any CPU
		{6E4D196E-3B1D-4B5F-BD92-BADA1151598D}.Release|Any CPU.ActiveCfg = Release|Any CPU
		{6E4D196E-3B1D-4B5F-BD92-BADA1151598D}.Release|Any CPU.Build.0 = Release|Any CPU
		{6E4D196E-3B1D-4B5F-BD92-BADA1151598D}.Release|x86.ActiveCfg = Release|Any CPU
		{6E4D196E-3B1D-4B5F-BD92-BADA1151598D}.Release|x86.Build.0 = Release|Any CPU
		{6E4D196E-3B1D-4B5F-BD92-BADA1151598D}.Release-NET35|Any CPU.ActiveCfg = Release|Any CPU
		{6E4D196E-3B1D-4B5F-BD92-BADA1151598D}.Release-NET35|Any CPU.Build.0 = Release|Any CPU
		{6E4D196E-3B1D-4B5F-BD92-BADA1151598D}.Release-NET35|x86.ActiveCfg = Release|Any CPU
		{6E4D196E-3B1D-4B5F-BD92-BADA1151598D}.Release-NET35|x86.Build.0 = Release|Any CPU
		{6E4D196E-3B1D-4B5F-BD92-BADA1151598D}.Release-NET40|Any CPU.ActiveCfg = Release|Any CPU
		{6E4D196E-3B1D-4B5F-BD92-BADA1151598D}.Release-NET40|Any CPU.Build.0 = Release|Any CPU
		{6E4D196E-3B1D-4B5F-BD92-BADA1151598D}.Release-NET40|x86.ActiveCfg = Release|Any CPU
		{6E4D196E-3B1D-4B5F-BD92-BADA1151598D}.Release-NET40|x86.Build.0 = Release|Any CPU
		{6E4D196E-3B1D-4B5F-BD92-BADA1151598D}.XMS Beta|Any CPU.ActiveCfg = Release|Any CPU
		{6E4D196E-3B1D-4B5F-BD92-BADA1151598D}.XMS Beta|Any CPU.Build.0 = Release|Any CPU
		{6E4D196E-3B1D-4B5F-BD92-BADA1151598D}.XMS Beta|x86.ActiveCfg = Release|Any CPU
		{6E4D196E-3B1D-4B5F-BD92-BADA1151598D}.XMS Beta|x86.Build.0 = Release|Any CPU
		{FB712C20-8CC0-497C-A1C4-CC7EFEB1A1FB}.Debug|Any CPU.ActiveCfg = Debug|Any CPU
		{FB712C20-8CC0-497C-A1C4-CC7EFEB1A1FB}.Debug|Any CPU.Build.0 = Debug|Any CPU
		{FB712C20-8CC0-497C-A1C4-CC7EFEB1A1FB}.Debug|x86.ActiveCfg = Debug|Any CPU
		{FB712C20-8CC0-497C-A1C4-CC7EFEB1A1FB}.Debug|x86.Build.0 = Debug|Any CPU
		{FB712C20-8CC0-497C-A1C4-CC7EFEB1A1FB}.Debug-NET35|Any CPU.ActiveCfg = Debug|Any CPU
		{FB712C20-8CC0-497C-A1C4-CC7EFEB1A1FB}.Debug-NET35|Any CPU.Build.0 = Debug|Any CPU
		{FB712C20-8CC0-497C-A1C4-CC7EFEB1A1FB}.Debug-NET35|x86.ActiveCfg = Debug|Any CPU
		{FB712C20-8CC0-497C-A1C4-CC7EFEB1A1FB}.Debug-NET35|x86.Build.0 = Debug|Any CPU
		{FB712C20-8CC0-497C-A1C4-CC7EFEB1A1FB}.Debug-NET40|Any CPU.ActiveCfg = Debug|Any CPU
		{FB712C20-8CC0-497C-A1C4-CC7EFEB1A1FB}.Debug-NET40|Any CPU.Build.0 = Debug|Any CPU
		{FB712C20-8CC0-497C-A1C4-CC7EFEB1A1FB}.Debug-NET40|x86.ActiveCfg = Debug|Any CPU
		{FB712C20-8CC0-497C-A1C4-CC7EFEB1A1FB}.Debug-NET40|x86.Build.0 = Debug|Any CPU
		{FB712C20-8CC0-497C-A1C4-CC7EFEB1A1FB}.EasyTest|Any CPU.ActiveCfg = Release|Any CPU
		{FB712C20-8CC0-497C-A1C4-CC7EFEB1A1FB}.EasyTest|Any CPU.Build.0 = Release|Any CPU
		{FB712C20-8CC0-497C-A1C4-CC7EFEB1A1FB}.EasyTest|x86.ActiveCfg = Release|Any CPU
		{FB712C20-8CC0-497C-A1C4-CC7EFEB1A1FB}.EasyTest|x86.Build.0 = Release|Any CPU
		{FB712C20-8CC0-497C-A1C4-CC7EFEB1A1FB}.Release|Any CPU.ActiveCfg = Release|Any CPU
		{FB712C20-8CC0-497C-A1C4-CC7EFEB1A1FB}.Release|Any CPU.Build.0 = Release|Any CPU
		{FB712C20-8CC0-497C-A1C4-CC7EFEB1A1FB}.Release|x86.ActiveCfg = Release|Any CPU
		{FB712C20-8CC0-497C-A1C4-CC7EFEB1A1FB}.Release|x86.Build.0 = Release|Any CPU
		{FB712C20-8CC0-497C-A1C4-CC7EFEB1A1FB}.Release-NET35|Any CPU.ActiveCfg = Release|Any CPU
		{FB712C20-8CC0-497C-A1C4-CC7EFEB1A1FB}.Release-NET35|Any CPU.Build.0 = Release|Any CPU
		{FB712C20-8CC0-497C-A1C4-CC7EFEB1A1FB}.Release-NET35|x86.ActiveCfg = Release|Any CPU
		{FB712C20-8CC0-497C-A1C4-CC7EFEB1A1FB}.Release-NET35|x86.Build.0 = Release|Any CPU
		{FB712C20-8CC0-497C-A1C4-CC7EFEB1A1FB}.Release-NET40|Any CPU.ActiveCfg = Release|Any CPU
		{FB712C20-8CC0-497C-A1C4-CC7EFEB1A1FB}.Release-NET40|Any CPU.Build.0 = Release|Any CPU
		{FB712C20-8CC0-497C-A1C4-CC7EFEB1A1FB}.Release-NET40|x86.ActiveCfg = Release|Any CPU
		{FB712C20-8CC0-497C-A1C4-CC7EFEB1A1FB}.Release-NET40|x86.Build.0 = Release|Any CPU
		{FB712C20-8CC0-497C-A1C4-CC7EFEB1A1FB}.XMS Beta|Any CPU.ActiveCfg = Release|Any CPU
		{FB712C20-8CC0-497C-A1C4-CC7EFEB1A1FB}.XMS Beta|Any CPU.Build.0 = Release|Any CPU
		{FB712C20-8CC0-497C-A1C4-CC7EFEB1A1FB}.XMS Beta|x86.ActiveCfg = Release|Any CPU
		{FB712C20-8CC0-497C-A1C4-CC7EFEB1A1FB}.XMS Beta|x86.Build.0 = Release|Any CPU
		{D18438E9-B948-44FB-8488-48D27973B030}.Debug|Any CPU.ActiveCfg = Debug|Any CPU
		{D18438E9-B948-44FB-8488-48D27973B030}.Debug|Any CPU.Build.0 = Debug|Any CPU
		{D18438E9-B948-44FB-8488-48D27973B030}.Debug|x86.ActiveCfg = Debug|Any CPU
		{D18438E9-B948-44FB-8488-48D27973B030}.Debug|x86.Build.0 = Debug|Any CPU
		{D18438E9-B948-44FB-8488-48D27973B030}.Debug-NET35|Any CPU.ActiveCfg = Debug|Any CPU
		{D18438E9-B948-44FB-8488-48D27973B030}.Debug-NET35|Any CPU.Build.0 = Debug|Any CPU
		{D18438E9-B948-44FB-8488-48D27973B030}.Debug-NET35|x86.ActiveCfg = Debug|Any CPU
		{D18438E9-B948-44FB-8488-48D27973B030}.Debug-NET35|x86.Build.0 = Debug|Any CPU
		{D18438E9-B948-44FB-8488-48D27973B030}.Debug-NET40|Any CPU.ActiveCfg = Debug|Any CPU
		{D18438E9-B948-44FB-8488-48D27973B030}.Debug-NET40|Any CPU.Build.0 = Debug|Any CPU
		{D18438E9-B948-44FB-8488-48D27973B030}.Debug-NET40|x86.ActiveCfg = Debug|Any CPU
		{D18438E9-B948-44FB-8488-48D27973B030}.Debug-NET40|x86.Build.0 = Debug|Any CPU
		{D18438E9-B948-44FB-8488-48D27973B030}.EasyTest|Any CPU.ActiveCfg = Release|Any CPU
		{D18438E9-B948-44FB-8488-48D27973B030}.EasyTest|Any CPU.Build.0 = Release|Any CPU
		{D18438E9-B948-44FB-8488-48D27973B030}.EasyTest|x86.ActiveCfg = Release|Any CPU
		{D18438E9-B948-44FB-8488-48D27973B030}.EasyTest|x86.Build.0 = Release|Any CPU
		{D18438E9-B948-44FB-8488-48D27973B030}.Release|Any CPU.ActiveCfg = Release|Any CPU
		{D18438E9-B948-44FB-8488-48D27973B030}.Release|Any CPU.Build.0 = Release|Any CPU
		{D18438E9-B948-44FB-8488-48D27973B030}.Release|x86.ActiveCfg = Release|Any CPU
		{D18438E9-B948-44FB-8488-48D27973B030}.Release|x86.Build.0 = Release|Any CPU
		{D18438E9-B948-44FB-8488-48D27973B030}.Release-NET35|Any CPU.ActiveCfg = Release|Any CPU
		{D18438E9-B948-44FB-8488-48D27973B030}.Release-NET35|Any CPU.Build.0 = Release|Any CPU
		{D18438E9-B948-44FB-8488-48D27973B030}.Release-NET35|x86.ActiveCfg = Release|Any CPU
		{D18438E9-B948-44FB-8488-48D27973B030}.Release-NET35|x86.Build.0 = Release|Any CPU
		{D18438E9-B948-44FB-8488-48D27973B030}.Release-NET40|Any CPU.ActiveCfg = Release|Any CPU
		{D18438E9-B948-44FB-8488-48D27973B030}.Release-NET40|Any CPU.Build.0 = Release|Any CPU
		{D18438E9-B948-44FB-8488-48D27973B030}.Release-NET40|x86.ActiveCfg = Release|Any CPU
		{D18438E9-B948-44FB-8488-48D27973B030}.Release-NET40|x86.Build.0 = Release|Any CPU
		{D18438E9-B948-44FB-8488-48D27973B030}.XMS Beta|Any CPU.ActiveCfg = Debug|Any CPU
		{D18438E9-B948-44FB-8488-48D27973B030}.XMS Beta|Any CPU.Build.0 = Debug|Any CPU
		{D18438E9-B948-44FB-8488-48D27973B030}.XMS Beta|x86.ActiveCfg = Debug|Any CPU
		{D18438E9-B948-44FB-8488-48D27973B030}.XMS Beta|x86.Build.0 = Debug|Any CPU
		{9B6B04B3-7D1E-4072-AEE2-55B8E1B1CB2A}.Debug|Any CPU.ActiveCfg = Debug|Any CPU
		{9B6B04B3-7D1E-4072-AEE2-55B8E1B1CB2A}.Debug|Any CPU.Build.0 = Debug|Any CPU
		{9B6B04B3-7D1E-4072-AEE2-55B8E1B1CB2A}.Debug|x86.ActiveCfg = Debug|Any CPU
		{9B6B04B3-7D1E-4072-AEE2-55B8E1B1CB2A}.Debug|x86.Build.0 = Debug|Any CPU
		{9B6B04B3-7D1E-4072-AEE2-55B8E1B1CB2A}.Debug-NET35|Any CPU.ActiveCfg = Debug|Any CPU
		{9B6B04B3-7D1E-4072-AEE2-55B8E1B1CB2A}.Debug-NET35|Any CPU.Build.0 = Debug|Any CPU
		{9B6B04B3-7D1E-4072-AEE2-55B8E1B1CB2A}.Debug-NET35|x86.ActiveCfg = Debug|Any CPU
		{9B6B04B3-7D1E-4072-AEE2-55B8E1B1CB2A}.Debug-NET35|x86.Build.0 = Debug|Any CPU
		{9B6B04B3-7D1E-4072-AEE2-55B8E1B1CB2A}.Debug-NET40|Any CPU.ActiveCfg = Debug|Any CPU
		{9B6B04B3-7D1E-4072-AEE2-55B8E1B1CB2A}.Debug-NET40|Any CPU.Build.0 = Debug|Any CPU
		{9B6B04B3-7D1E-4072-AEE2-55B8E1B1CB2A}.Debug-NET40|x86.ActiveCfg = Debug|Any CPU
		{9B6B04B3-7D1E-4072-AEE2-55B8E1B1CB2A}.Debug-NET40|x86.Build.0 = Debug|Any CPU
		{9B6B04B3-7D1E-4072-AEE2-55B8E1B1CB2A}.EasyTest|Any CPU.ActiveCfg = Release|Any CPU
		{9B6B04B3-7D1E-4072-AEE2-55B8E1B1CB2A}.EasyTest|Any CPU.Build.0 = Release|Any CPU
		{9B6B04B3-7D1E-4072-AEE2-55B8E1B1CB2A}.EasyTest|x86.ActiveCfg = Release|Any CPU
		{9B6B04B3-7D1E-4072-AEE2-55B8E1B1CB2A}.EasyTest|x86.Build.0 = Release|Any CPU
		{9B6B04B3-7D1E-4072-AEE2-55B8E1B1CB2A}.Release|Any CPU.ActiveCfg = Release|Any CPU
		{9B6B04B3-7D1E-4072-AEE2-55B8E1B1CB2A}.Release|Any CPU.Build.0 = Release|Any CPU
		{9B6B04B3-7D1E-4072-AEE2-55B8E1B1CB2A}.Release|x86.ActiveCfg = Release|Any CPU
		{9B6B04B3-7D1E-4072-AEE2-55B8E1B1CB2A}.Release|x86.Build.0 = Release|Any CPU
		{9B6B04B3-7D1E-4072-AEE2-55B8E1B1CB2A}.Release-NET35|Any CPU.ActiveCfg = Release|Any CPU
		{9B6B04B3-7D1E-4072-AEE2-55B8E1B1CB2A}.Release-NET35|Any CPU.Build.0 = Release|Any CPU
		{9B6B04B3-7D1E-4072-AEE2-55B8E1B1CB2A}.Release-NET35|x86.ActiveCfg = Release|Any CPU
		{9B6B04B3-7D1E-4072-AEE2-55B8E1B1CB2A}.Release-NET35|x86.Build.0 = Release|Any CPU
		{9B6B04B3-7D1E-4072-AEE2-55B8E1B1CB2A}.Release-NET40|Any CPU.ActiveCfg = Release|Any CPU
		{9B6B04B3-7D1E-4072-AEE2-55B8E1B1CB2A}.Release-NET40|Any CPU.Build.0 = Release|Any CPU
		{9B6B04B3-7D1E-4072-AEE2-55B8E1B1CB2A}.Release-NET40|x86.ActiveCfg = Release|Any CPU
		{9B6B04B3-7D1E-4072-AEE2-55B8E1B1CB2A}.Release-NET40|x86.Build.0 = Release|Any CPU
		{9B6B04B3-7D1E-4072-AEE2-55B8E1B1CB2A}.XMS Beta|Any CPU.ActiveCfg = Debug|Any CPU
		{9B6B04B3-7D1E-4072-AEE2-55B8E1B1CB2A}.XMS Beta|Any CPU.Build.0 = Debug|Any CPU
		{9B6B04B3-7D1E-4072-AEE2-55B8E1B1CB2A}.XMS Beta|x86.ActiveCfg = Debug|Any CPU
		{9B6B04B3-7D1E-4072-AEE2-55B8E1B1CB2A}.XMS Beta|x86.Build.0 = Debug|Any CPU
		{E41958E3-DEB8-0801-3FC3-202A699FA2D6}.Debug|Any CPU.ActiveCfg = Debug|Any CPU
		{E41958E3-DEB8-0801-3FC3-202A699FA2D6}.Debug|Any CPU.Build.0 = Debug|Any CPU
		{E41958E3-DEB8-0801-3FC3-202A699FA2D6}.Debug|x86.ActiveCfg = Debug|Any CPU
		{E41958E3-DEB8-0801-3FC3-202A699FA2D6}.Debug|x86.Build.0 = Debug|Any CPU
		{E41958E3-DEB8-0801-3FC3-202A699FA2D6}.Debug-NET35|Any CPU.ActiveCfg = Debug|Any CPU
		{E41958E3-DEB8-0801-3FC3-202A699FA2D6}.Debug-NET35|Any CPU.Build.0 = Debug|Any CPU
		{E41958E3-DEB8-0801-3FC3-202A699FA2D6}.Debug-NET35|x86.ActiveCfg = Debug|Any CPU
		{E41958E3-DEB8-0801-3FC3-202A699FA2D6}.Debug-NET35|x86.Build.0 = Debug|Any CPU
		{E41958E3-DEB8-0801-3FC3-202A699FA2D6}.Debug-NET40|Any CPU.ActiveCfg = Debug|Any CPU
		{E41958E3-DEB8-0801-3FC3-202A699FA2D6}.Debug-NET40|Any CPU.Build.0 = Debug|Any CPU
		{E41958E3-DEB8-0801-3FC3-202A699FA2D6}.Debug-NET40|x86.ActiveCfg = Debug|Any CPU
		{E41958E3-DEB8-0801-3FC3-202A699FA2D6}.Debug-NET40|x86.Build.0 = Debug|Any CPU
		{E41958E3-DEB8-0801-3FC3-202A699FA2D6}.EasyTest|Any CPU.ActiveCfg = Release|Any CPU
		{E41958E3-DEB8-0801-3FC3-202A699FA2D6}.EasyTest|Any CPU.Build.0 = Release|Any CPU
		{E41958E3-DEB8-0801-3FC3-202A699FA2D6}.EasyTest|x86.ActiveCfg = Release|Any CPU
		{E41958E3-DEB8-0801-3FC3-202A699FA2D6}.EasyTest|x86.Build.0 = Release|Any CPU
		{E41958E3-DEB8-0801-3FC3-202A699FA2D6}.Release|Any CPU.ActiveCfg = Release|Any CPU
		{E41958E3-DEB8-0801-3FC3-202A699FA2D6}.Release|Any CPU.Build.0 = Release|Any CPU
		{E41958E3-DEB8-0801-3FC3-202A699FA2D6}.Release|x86.ActiveCfg = Release|Any CPU
		{E41958E3-DEB8-0801-3FC3-202A699FA2D6}.Release|x86.Build.0 = Release|Any CPU
		{E41958E3-DEB8-0801-3FC3-202A699FA2D6}.Release-NET35|Any CPU.ActiveCfg = Release|Any CPU
		{E41958E3-DEB8-0801-3FC3-202A699FA2D6}.Release-NET35|Any CPU.Build.0 = Release|Any CPU
		{E41958E3-DEB8-0801-3FC3-202A699FA2D6}.Release-NET35|x86.ActiveCfg = Release|Any CPU
		{E41958E3-DEB8-0801-3FC3-202A699FA2D6}.Release-NET35|x86.Build.0 = Release|Any CPU
		{E41958E3-DEB8-0801-3FC3-202A699FA2D6}.Release-NET40|Any CPU.ActiveCfg = Release|Any CPU
		{E41958E3-DEB8-0801-3FC3-202A699FA2D6}.Release-NET40|Any CPU.Build.0 = Release|Any CPU
		{E41958E3-DEB8-0801-3FC3-202A699FA2D6}.Release-NET40|x86.ActiveCfg = Release|Any CPU
		{E41958E3-DEB8-0801-3FC3-202A699FA2D6}.Release-NET40|x86.Build.0 = Release|Any CPU
		{E41958E3-DEB8-0801-3FC3-202A699FA2D6}.XMS Beta|Any CPU.ActiveCfg = Debug|Any CPU
		{E41958E3-DEB8-0801-3FC3-202A699FA2D6}.XMS Beta|Any CPU.Build.0 = Debug|Any CPU
		{E41958E3-DEB8-0801-3FC3-202A699FA2D6}.XMS Beta|x86.ActiveCfg = Debug|Any CPU
		{E41958E3-DEB8-0801-3FC3-202A699FA2D6}.XMS Beta|x86.Build.0 = Debug|Any CPU
		{89F833E5-ACC6-4652-9B41-7AA4CE1ED0B7}.Debug|Any CPU.ActiveCfg = Debug|Any CPU
		{89F833E5-ACC6-4652-9B41-7AA4CE1ED0B7}.Debug|Any CPU.Build.0 = Debug|Any CPU
		{89F833E5-ACC6-4652-9B41-7AA4CE1ED0B7}.Debug|x86.ActiveCfg = Debug|x86
		{89F833E5-ACC6-4652-9B41-7AA4CE1ED0B7}.Debug|x86.Build.0 = Debug|x86
		{89F833E5-ACC6-4652-9B41-7AA4CE1ED0B7}.Debug-NET35|Any CPU.ActiveCfg = Debug|Any CPU
		{89F833E5-ACC6-4652-9B41-7AA4CE1ED0B7}.Debug-NET35|Any CPU.Build.0 = Debug|Any CPU
		{89F833E5-ACC6-4652-9B41-7AA4CE1ED0B7}.Debug-NET35|x86.ActiveCfg = Debug|x86
		{89F833E5-ACC6-4652-9B41-7AA4CE1ED0B7}.Debug-NET35|x86.Build.0 = Debug|x86
		{89F833E5-ACC6-4652-9B41-7AA4CE1ED0B7}.Debug-NET40|Any CPU.ActiveCfg = Debug|Any CPU
		{89F833E5-ACC6-4652-9B41-7AA4CE1ED0B7}.Debug-NET40|Any CPU.Build.0 = Debug|Any CPU
		{89F833E5-ACC6-4652-9B41-7AA4CE1ED0B7}.Debug-NET40|x86.ActiveCfg = Debug|x86
		{89F833E5-ACC6-4652-9B41-7AA4CE1ED0B7}.Debug-NET40|x86.Build.0 = Debug|x86
		{89F833E5-ACC6-4652-9B41-7AA4CE1ED0B7}.EasyTest|Any CPU.ActiveCfg = Release|Any CPU
		{89F833E5-ACC6-4652-9B41-7AA4CE1ED0B7}.EasyTest|Any CPU.Build.0 = Release|Any CPU
		{89F833E5-ACC6-4652-9B41-7AA4CE1ED0B7}.EasyTest|x86.ActiveCfg = Release|x86
		{89F833E5-ACC6-4652-9B41-7AA4CE1ED0B7}.EasyTest|x86.Build.0 = Release|x86
		{89F833E5-ACC6-4652-9B41-7AA4CE1ED0B7}.Release|Any CPU.ActiveCfg = Release|Any CPU
		{89F833E5-ACC6-4652-9B41-7AA4CE1ED0B7}.Release|Any CPU.Build.0 = Release|Any CPU
		{89F833E5-ACC6-4652-9B41-7AA4CE1ED0B7}.Release|x86.ActiveCfg = Release|x86
		{89F833E5-ACC6-4652-9B41-7AA4CE1ED0B7}.Release|x86.Build.0 = Release|x86
		{89F833E5-ACC6-4652-9B41-7AA4CE1ED0B7}.Release-NET35|Any CPU.ActiveCfg = Release|Any CPU
		{89F833E5-ACC6-4652-9B41-7AA4CE1ED0B7}.Release-NET35|Any CPU.Build.0 = Release|Any CPU
		{89F833E5-ACC6-4652-9B41-7AA4CE1ED0B7}.Release-NET35|x86.ActiveCfg = Release|x86
		{89F833E5-ACC6-4652-9B41-7AA4CE1ED0B7}.Release-NET35|x86.Build.0 = Release|x86
		{89F833E5-ACC6-4652-9B41-7AA4CE1ED0B7}.Release-NET40|Any CPU.ActiveCfg = Release|Any CPU
		{89F833E5-ACC6-4652-9B41-7AA4CE1ED0B7}.Release-NET40|Any CPU.Build.0 = Release|Any CPU
		{89F833E5-ACC6-4652-9B41-7AA4CE1ED0B7}.Release-NET40|x86.ActiveCfg = Release|x86
		{89F833E5-ACC6-4652-9B41-7AA4CE1ED0B7}.Release-NET40|x86.Build.0 = Release|x86
		{89F833E5-ACC6-4652-9B41-7AA4CE1ED0B7}.XMS Beta|Any CPU.ActiveCfg = Debug|Any CPU
		{89F833E5-ACC6-4652-9B41-7AA4CE1ED0B7}.XMS Beta|Any CPU.Build.0 = Debug|Any CPU
		{89F833E5-ACC6-4652-9B41-7AA4CE1ED0B7}.XMS Beta|x86.ActiveCfg = Debug|x86
		{89F833E5-ACC6-4652-9B41-7AA4CE1ED0B7}.XMS Beta|x86.Build.0 = Debug|x86
		{AF947420-6EB6-4CAF-9791-6547300AFFE9}.Debug|Any CPU.ActiveCfg = Debug|Any CPU
		{AF947420-6EB6-4CAF-9791-6547300AFFE9}.Debug|Any CPU.Build.0 = Debug|Any CPU
		{AF947420-6EB6-4CAF-9791-6547300AFFE9}.Debug|x86.ActiveCfg = Debug|Any CPU
		{AF947420-6EB6-4CAF-9791-6547300AFFE9}.Debug|x86.Build.0 = Debug|Any CPU
		{AF947420-6EB6-4CAF-9791-6547300AFFE9}.Debug-NET35|Any CPU.ActiveCfg = Debug|Any CPU
		{AF947420-6EB6-4CAF-9791-6547300AFFE9}.Debug-NET35|Any CPU.Build.0 = Debug|Any CPU
		{AF947420-6EB6-4CAF-9791-6547300AFFE9}.Debug-NET35|x86.ActiveCfg = Debug|Any CPU
		{AF947420-6EB6-4CAF-9791-6547300AFFE9}.Debug-NET35|x86.Build.0 = Debug|Any CPU
		{AF947420-6EB6-4CAF-9791-6547300AFFE9}.Debug-NET40|Any CPU.ActiveCfg = Debug|Any CPU
		{AF947420-6EB6-4CAF-9791-6547300AFFE9}.Debug-NET40|Any CPU.Build.0 = Debug|Any CPU
		{AF947420-6EB6-4CAF-9791-6547300AFFE9}.Debug-NET40|x86.ActiveCfg = Debug|Any CPU
		{AF947420-6EB6-4CAF-9791-6547300AFFE9}.Debug-NET40|x86.Build.0 = Debug|Any CPU
		{AF947420-6EB6-4CAF-9791-6547300AFFE9}.EasyTest|Any CPU.ActiveCfg = Release|Any CPU
		{AF947420-6EB6-4CAF-9791-6547300AFFE9}.EasyTest|Any CPU.Build.0 = Release|Any CPU
		{AF947420-6EB6-4CAF-9791-6547300AFFE9}.EasyTest|x86.ActiveCfg = Release|Any CPU
		{AF947420-6EB6-4CAF-9791-6547300AFFE9}.EasyTest|x86.Build.0 = Release|Any CPU
		{AF947420-6EB6-4CAF-9791-6547300AFFE9}.Release|Any CPU.ActiveCfg = Release|Any CPU
		{AF947420-6EB6-4CAF-9791-6547300AFFE9}.Release|Any CPU.Build.0 = Release|Any CPU
		{AF947420-6EB6-4CAF-9791-6547300AFFE9}.Release|x86.ActiveCfg = Release|Any CPU
		{AF947420-6EB6-4CAF-9791-6547300AFFE9}.Release|x86.Build.0 = Release|Any CPU
		{AF947420-6EB6-4CAF-9791-6547300AFFE9}.Release-NET35|Any CPU.ActiveCfg = Release|Any CPU
		{AF947420-6EB6-4CAF-9791-6547300AFFE9}.Release-NET35|Any CPU.Build.0 = Release|Any CPU
		{AF947420-6EB6-4CAF-9791-6547300AFFE9}.Release-NET35|x86.ActiveCfg = Release|Any CPU
		{AF947420-6EB6-4CAF-9791-6547300AFFE9}.Release-NET35|x86.Build.0 = Release|Any CPU
		{AF947420-6EB6-4CAF-9791-6547300AFFE9}.Release-NET40|Any CPU.ActiveCfg = Release|Any CPU
		{AF947420-6EB6-4CAF-9791-6547300AFFE9}.Release-NET40|Any CPU.Build.0 = Release|Any CPU
		{AF947420-6EB6-4CAF-9791-6547300AFFE9}.Release-NET40|x86.ActiveCfg = Release|Any CPU
		{AF947420-6EB6-4CAF-9791-6547300AFFE9}.Release-NET40|x86.Build.0 = Release|Any CPU
		{AF947420-6EB6-4CAF-9791-6547300AFFE9}.XMS Beta|Any CPU.ActiveCfg = Debug|Any CPU
		{AF947420-6EB6-4CAF-9791-6547300AFFE9}.XMS Beta|Any CPU.Build.0 = Debug|Any CPU
		{AF947420-6EB6-4CAF-9791-6547300AFFE9}.XMS Beta|x86.ActiveCfg = Debug|Any CPU
		{AF947420-6EB6-4CAF-9791-6547300AFFE9}.XMS Beta|x86.Build.0 = Debug|Any CPU
		{F225DD8D-ED61-47A3-ABE1-0A6A21D52659}.Debug|Any CPU.ActiveCfg = Debug|Any CPU
		{F225DD8D-ED61-47A3-ABE1-0A6A21D52659}.Debug|Any CPU.Build.0 = Debug|Any CPU
		{F225DD8D-ED61-47A3-ABE1-0A6A21D52659}.Debug|x86.ActiveCfg = Debug|Any CPU
		{F225DD8D-ED61-47A3-ABE1-0A6A21D52659}.Debug|x86.Build.0 = Debug|Any CPU
		{F225DD8D-ED61-47A3-ABE1-0A6A21D52659}.Debug-NET35|Any CPU.ActiveCfg = Debug|Any CPU
		{F225DD8D-ED61-47A3-ABE1-0A6A21D52659}.Debug-NET35|Any CPU.Build.0 = Debug|Any CPU
		{F225DD8D-ED61-47A3-ABE1-0A6A21D52659}.Debug-NET35|x86.ActiveCfg = Debug|Any CPU
		{F225DD8D-ED61-47A3-ABE1-0A6A21D52659}.Debug-NET35|x86.Build.0 = Debug|Any CPU
		{F225DD8D-ED61-47A3-ABE1-0A6A21D52659}.Debug-NET40|Any CPU.ActiveCfg = Debug|Any CPU
		{F225DD8D-ED61-47A3-ABE1-0A6A21D52659}.Debug-NET40|Any CPU.Build.0 = Debug|Any CPU
		{F225DD8D-ED61-47A3-ABE1-0A6A21D52659}.Debug-NET40|x86.ActiveCfg = Debug|Any CPU
		{F225DD8D-ED61-47A3-ABE1-0A6A21D52659}.Debug-NET40|x86.Build.0 = Debug|Any CPU
		{F225DD8D-ED61-47A3-ABE1-0A6A21D52659}.EasyTest|Any CPU.ActiveCfg = Release|Any CPU
		{F225DD8D-ED61-47A3-ABE1-0A6A21D52659}.EasyTest|Any CPU.Build.0 = Release|Any CPU
		{F225DD8D-ED61-47A3-ABE1-0A6A21D52659}.EasyTest|x86.ActiveCfg = Release|Any CPU
		{F225DD8D-ED61-47A3-ABE1-0A6A21D52659}.EasyTest|x86.Build.0 = Release|Any CPU
		{F225DD8D-ED61-47A3-ABE1-0A6A21D52659}.Release|Any CPU.ActiveCfg = Release|Any CPU
		{F225DD8D-ED61-47A3-ABE1-0A6A21D52659}.Release|Any CPU.Build.0 = Release|Any CPU
		{F225DD8D-ED61-47A3-ABE1-0A6A21D52659}.Release|x86.ActiveCfg = Release|Any CPU
		{F225DD8D-ED61-47A3-ABE1-0A6A21D52659}.Release|x86.Build.0 = Release|Any CPU
		{F225DD8D-ED61-47A3-ABE1-0A6A21D52659}.Release-NET35|Any CPU.ActiveCfg = Release|Any CPU
		{F225DD8D-ED61-47A3-ABE1-0A6A21D52659}.Release-NET35|Any CPU.Build.0 = Release|Any CPU
		{F225DD8D-ED61-47A3-ABE1-0A6A21D52659}.Release-NET35|x86.ActiveCfg = Release|Any CPU
		{F225DD8D-ED61-47A3-ABE1-0A6A21D52659}.Release-NET35|x86.Build.0 = Release|Any CPU
		{F225DD8D-ED61-47A3-ABE1-0A6A21D52659}.Release-NET40|Any CPU.ActiveCfg = Release|Any CPU
		{F225DD8D-ED61-47A3-ABE1-0A6A21D52659}.Release-NET40|Any CPU.Build.0 = Release|Any CPU
		{F225DD8D-ED61-47A3-ABE1-0A6A21D52659}.Release-NET40|x86.ActiveCfg = Release|Any CPU
		{F225DD8D-ED61-47A3-ABE1-0A6A21D52659}.Release-NET40|x86.Build.0 = Release|Any CPU
		{F225DD8D-ED61-47A3-ABE1-0A6A21D52659}.XMS Beta|Any CPU.ActiveCfg = Debug|Any CPU
		{F225DD8D-ED61-47A3-ABE1-0A6A21D52659}.XMS Beta|Any CPU.Build.0 = Debug|Any CPU
		{F225DD8D-ED61-47A3-ABE1-0A6A21D52659}.XMS Beta|x86.ActiveCfg = Debug|Any CPU
		{F225DD8D-ED61-47A3-ABE1-0A6A21D52659}.XMS Beta|x86.Build.0 = Debug|Any CPU
	EndGlobalSection
	GlobalSection(SolutionProperties) = preSolution
		HideSolutionNode = FALSE
	EndGlobalSection
	GlobalSection(ExtensibilityGlobals) = postSolution
		SolutionGuid = {D91A373D-C067-4D63-AA6A-08744F360F6A}
		BuildVersion_BuildVersioningStyle = None.None.None.Increment
		BuildVersion_BuildAction = ReBuild
		BuildVersion_StartDate = 2000/1/1
		BuildVersion_UseGlobalSettings = True
		BuildVersion_AssemblyInfoFilename = SagaAccounting\Properties\AssemblyInfo.vb
		BuildVersion_UpdateAssemblyVersion = True
		BuildVersion_UpdateFileVersion = True
		BuildVersion_UseUniversalClock = True
	EndGlobalSection
EndGlobal
