
Microsoft Visual Studio Solution File, Format Version 12.00
# Visual Studio Version 16
VisualStudioVersion = 16.0.30114.105
MinimumVisualStudioVersion = 10.0.40219.1
Project("{F184B08F-C81C-45F6-A57F-5ABD9991F28F}") = "IntegratedCoreSystems", "IntegratedSystems\IntegratedCoreSystems.vbproj", "{89F833E5-ACC6-4652-9B41-7AA4CE1ED0B7}"
EndProject
Project("{F184B08F-C81C-45F6-A57F-5ABD9991F28F}") = "wSClassLib", "wSClassLib\wSClassLib.vbproj", "{FB712C20-8CC0-497C-A1C4-CC7EFEB1A1FB}"
EndProject
Project("{F184B08F-C81C-45F6-A57F-5ABD9991F28F}") = "BranchAccounting", "BranchAccounting\BranchAccounting.vbproj", "{6E4D196E-3B1D-4B5F-BD92-BADA1151598D}"
EndProject
Global
	GlobalSection(SolutionConfigurationPlatforms) = preSolution
		Debug|Any CPU = Debug|Any CPU
		Debug|x86 = Debug|x86
		Debug-NET35|Any CPU = Debug-NET35|Any CPU
		Debug-NET35|x86 = Debug-NET35|x86
		Debug-NET40|Any CPU = Debug-NET40|Any CPU
		Debug-NET40|x86 = Debug-NET40|x86
		Release|Any CPU = Release|Any CPU
		Release|x86 = Release|x86
		Release-NET35|Any CPU = Release-NET35|Any CPU
		Release-NET35|x86 = Release-NET35|x86
		Release-NET40|Any CPU = Release-NET40|Any CPU
		Release-NET40|x86 = Release-NET40|x86
	EndGlobalSection
	GlobalSection(ProjectConfigurationPlatforms) = postSolution
		{89F833E5-ACC6-4652-9B41-7AA4CE1ED0B7}.Debug|Any CPU.ActiveCfg = Debug|x86
		{89F833E5-ACC6-4652-9B41-7AA4CE1ED0B7}.Debug|Any CPU.Build.0 = Debug|x86
		{89F833E5-ACC6-4652-9B41-7AA4CE1ED0B7}.Debug|x86.ActiveCfg = Debug|x86
		{89F833E5-ACC6-4652-9B41-7AA4CE1ED0B7}.Debug|x86.Build.0 = Debug|x86
		{89F833E5-ACC6-4652-9B41-7AA4CE1ED0B7}.Debug-NET35|Any CPU.ActiveCfg = Debug|Any CPU
		{89F833E5-ACC6-4652-9B41-7AA4CE1ED0B7}.Debug-NET35|Any CPU.Build.0 = Debug|Any CPU
		{89F833E5-ACC6-4652-9B41-7AA4CE1ED0B7}.Debug-NET35|x86.ActiveCfg = Debug|x86
		{89F833E5-ACC6-4652-9B41-7AA4CE1ED0B7}.Debug-NET35|x86.Build.0 = Debug|x86
		{89F833E5-ACC6-4652-9B41-7AA4CE1ED0B7}.Debug-NET40|Any CPU.ActiveCfg = Debug|Any CPU
		{89F833E5-ACC6-4652-9B41-7AA4CE1ED0B7}.Debug-NET40|Any CPU.Build.0 = Debug|Any CPU
		{89F833E5-ACC6-4652-9B41-7AA4CE1ED0B7}.Debug-NET40|x86.ActiveCfg = Debug|x86
		{89F833E5-ACC6-4652-9B41-7AA4CE1ED0B7}.Debug-NET40|x86.Build.0 = Debug|x86
		{89F833E5-ACC6-4652-9B41-7AA4CE1ED0B7}.Release|Any CPU.ActiveCfg = Release|Any CPU
		{89F833E5-ACC6-4652-9B41-7AA4CE1ED0B7}.Release|Any CPU.Build.0 = Release|Any CPU
		{89F833E5-ACC6-4652-9B41-7AA4CE1ED0B7}.Release|x86.ActiveCfg = Release|x86
		{89F833E5-ACC6-4652-9B41-7AA4CE1ED0B7}.Release|x86.Build.0 = Release|x86
		{89F833E5-ACC6-4652-9B41-7AA4CE1ED0B7}.Release-NET35|Any CPU.ActiveCfg = Release|Any CPU
		{89F833E5-ACC6-4652-9B41-7AA4CE1ED0B7}.Release-NET35|Any CPU.Build.0 = Release|Any CPU
		{89F833E5-ACC6-4652-9B41-7AA4CE1ED0B7}.Release-NET35|x86.ActiveCfg = Release|x86
		{89F833E5-ACC6-4652-9B41-7AA4CE1ED0B7}.Release-NET35|x86.Build.0 = Release|x86
		{89F833E5-ACC6-4652-9B41-7AA4CE1ED0B7}.Release-NET40|Any CPU.ActiveCfg = Release|Any CPU
		{89F833E5-ACC6-4652-9B41-7AA4CE1ED0B7}.Release-NET40|Any CPU.Build.0 = Release|Any CPU
		{89F833E5-ACC6-4652-9B41-7AA4CE1ED0B7}.Release-NET40|x86.ActiveCfg = Release|x86
		{89F833E5-ACC6-4652-9B41-7AA4CE1ED0B7}.Release-NET40|x86.Build.0 = Release|x86
		{FB712C20-8CC0-497C-A1C4-CC7EFEB1A1FB}.Debug|Any CPU.ActiveCfg = Debug|Any CPU
		{FB712C20-8CC0-497C-A1C4-CC7EFEB1A1FB}.Debug|Any CPU.Build.0 = Debug|Any CPU
		{FB712C20-8CC0-497C-A1C4-CC7EFEB1A1FB}.Debug|x86.ActiveCfg = Debug|Any CPU
		{FB712C20-8CC0-497C-A1C4-CC7EFEB1A1FB}.Debug|x86.Build.0 = Debug|Any CPU
		{FB712C20-8CC0-497C-A1C4-CC7EFEB1A1FB}.Debug-NET35|Any CPU.ActiveCfg = Debug|Any CPU
		{FB712C20-8CC0-497C-A1C4-CC7EFEB1A1FB}.Debug-NET35|Any CPU.Build.0 = Debug|Any CPU
		{FB712C20-8CC0-497C-A1C4-CC7EFEB1A1FB}.Debug-NET35|x86.ActiveCfg = Debug|Any CPU
		{FB712C20-8CC0-497C-A1C4-CC7EFEB1A1FB}.Debug-NET35|x86.Build.0 = Debug|Any CPU
		{FB712C20-8CC0-497C-A1C4-CC7EFEB1A1FB}.Debug-NET40|Any CPU.ActiveCfg = Debug|Any CPU
		{FB712C20-8CC0-497C-A1C4-CC7EFEB1A1FB}.Debug-NET40|Any CPU.Build.0 = Debug|Any CPU
		{FB712C20-8CC0-497C-A1C4-CC7EFEB1A1FB}.Debug-NET40|x86.ActiveCfg = Debug|Any CPU
		{FB712C20-8CC0-497C-A1C4-CC7EFEB1A1FB}.Debug-NET40|x86.Build.0 = Debug|Any CPU
		{FB712C20-8CC0-497C-A1C4-CC7EFEB1A1FB}.Release|Any CPU.ActiveCfg = Release|Any CPU
		{FB712C20-8CC0-497C-A1C4-CC7EFEB1A1FB}.Release|Any CPU.Build.0 = Release|Any CPU
		{FB712C20-8CC0-497C-A1C4-CC7EFEB1A1FB}.Release|x86.ActiveCfg = Release|Any CPU
		{FB712C20-8CC0-497C-A1C4-CC7EFEB1A1FB}.Release|x86.Build.0 = Release|Any CPU
		{FB712C20-8CC0-497C-A1C4-CC7EFEB1A1FB}.Release-NET35|Any CPU.ActiveCfg = Release|Any CPU
		{FB712C20-8CC0-497C-A1C4-CC7EFEB1A1FB}.Release-NET35|Any CPU.Build.0 = Release|Any CPU
		{FB712C20-8CC0-497C-A1C4-CC7EFEB1A1FB}.Release-NET35|x86.ActiveCfg = Release|Any CPU
		{FB712C20-8CC0-497C-A1C4-CC7EFEB1A1FB}.Release-NET35|x86.Build.0 = Release|Any CPU
		{FB712C20-8CC0-497C-A1C4-CC7EFEB1A1FB}.Release-NET40|Any CPU.ActiveCfg = Release|Any CPU
		{FB712C20-8CC0-497C-A1C4-CC7EFEB1A1FB}.Release-NET40|Any CPU.Build.0 = Release|Any CPU
		{FB712C20-8CC0-497C-A1C4-CC7EFEB1A1FB}.Release-NET40|x86.ActiveCfg = Release|Any CPU
		{FB712C20-8CC0-497C-A1C4-CC7EFEB1A1FB}.Release-NET40|x86.Build.0 = Release|Any CPU
		{6E4D196E-3B1D-4B5F-BD92-BADA1151598D}.Debug|Any CPU.ActiveCfg = Debug|Any CPU
		{6E4D196E-3B1D-4B5F-BD92-BADA1151598D}.Debug|Any CPU.Build.0 = Debug|Any CPU
		{6E4D196E-3B1D-4B5F-BD92-BADA1151598D}.Debug|x86.ActiveCfg = Debug|Any CPU
		{6E4D196E-3B1D-4B5F-BD92-BADA1151598D}.Debug|x86.Build.0 = Debug|Any CPU
		{6E4D196E-3B1D-4B5F-BD92-BADA1151598D}.Debug-NET35|Any CPU.ActiveCfg = Debug|Any CPU
		{6E4D196E-3B1D-4B5F-BD92-BADA1151598D}.Debug-NET35|Any CPU.Build.0 = Debug|Any CPU
		{6E4D196E-3B1D-4B5F-BD92-BADA1151598D}.Debug-NET35|x86.ActiveCfg = Debug|Any CPU
		{6E4D196E-3B1D-4B5F-BD92-BADA1151598D}.Debug-NET35|x86.Build.0 = Debug|Any CPU
		{6E4D196E-3B1D-4B5F-BD92-BADA1151598D}.Debug-NET40|Any CPU.ActiveCfg = Debug|Any CPU
		{6E4D196E-3B1D-4B5F-BD92-BADA1151598D}.Debug-NET40|Any CPU.Build.0 = Debug|Any CPU
		{6E4D196E-3B1D-4B5F-BD92-BADA1151598D}.Debug-NET40|x86.ActiveCfg = Debug|Any CPU
		{6E4D196E-3B1D-4B5F-BD92-BADA1151598D}.Debug-NET40|x86.Build.0 = Debug|Any CPU
		{6E4D196E-3B1D-4B5F-BD92-BADA1151598D}.Release|Any CPU.ActiveCfg = Release|Any CPU
		{6E4D196E-3B1D-4B5F-BD92-BADA1151598D}.Release|Any CPU.Build.0 = Release|Any CPU
		{6E4D196E-3B1D-4B5F-BD92-BADA1151598D}.Release|x86.ActiveCfg = Release|Any CPU
		{6E4D196E-3B1D-4B5F-BD92-BADA1151598D}.Release|x86.Build.0 = Release|Any CPU
		{6E4D196E-3B1D-4B5F-BD92-BADA1151598D}.Release-NET35|Any CPU.ActiveCfg = Release|Any CPU
		{6E4D196E-3B1D-4B5F-BD92-BADA1151598D}.Release-NET35|Any CPU.Build.0 = Release|Any CPU
		{6E4D196E-3B1D-4B5F-BD92-BADA1151598D}.Release-NET35|x86.ActiveCfg = Release|Any CPU
		{6E4D196E-3B1D-4B5F-BD92-BADA1151598D}.Release-NET35|x86.Build.0 = Release|Any CPU
		{6E4D196E-3B1D-4B5F-BD92-BADA1151598D}.Release-NET40|Any CPU.ActiveCfg = Release|Any CPU
		{6E4D196E-3B1D-4B5F-BD92-BADA1151598D}.Release-NET40|Any CPU.Build.0 = Release|Any CPU
		{6E4D196E-3B1D-4B5F-BD92-BADA1151598D}.Release-NET40|x86.ActiveCfg = Release|Any CPU
		{6E4D196E-3B1D-4B5F-BD92-BADA1151598D}.Release-NET40|x86.Build.0 = Release|Any CPU
	EndGlobalSection
	GlobalSection(SolutionProperties) = preSolution
		HideSolutionNode = FALSE
	EndGlobalSection
	GlobalSection(ExtensibilityGlobals) = postSolution
		SolutionGuid = {4ABB91E6-1799-4C61-9A6F-7F9C6527ECD0}
	EndGlobalSection
EndGlobal
